boto3==1.40.45 --hash=sha256:5b145752d20f29908e3cb8c823bee31c77e6bcf18787e570f36bbc545cc779ed
botocore==1.40.76 --hash=sha256:fe425d386e48ac64c81cbb4a7181688d813df2e2b4c78b95ebe833c9e868c6f4
certifi==2026.7.22 --hash=sha256:62f22742b58a1a33014a2b6b706588a8d7e2a88ae7bd1a6ebe8c992928483775
cffi==2.1.1 --hash=sha256:34e261f78cb6ceaaa36f42f2613f4380d94d9c759a9c73c769ee6e0247364632
charset-normalizer==3.5.2 --hash=sha256:211d5a3eb6af8f513b8d4ca19a8c1b7accab1b5f0d3175f9826b03c1a920dc1f
click==8.5.0 --hash=sha256:255bc9599cf7748b4b1a446ccc735421bd08a2ae529a8b88597d3de5664ee360
click-option-group==0.5.7 --hash=sha256:96b9f52f397ef4d916f81929bd6c1f85e89046c7a401a64e72a61ae74ad35c24
cryptography==50.0.2 --hash=sha256:9dab55f57c74c3cad24c323bacbbd04be4705ba6eb0d92e920b1fc4837ed5079
docstring_parser==0.18.0 --hash=sha256:b3fcbed555c47d8479be0796ef7e19c2670d428d72e96da63f3a40122860374b
google-api-core==2.40.0 --hash=sha256:4b9e0a80024c269ae173136d5439f4ed284651d6e5e2773ba5c694f481f9c0f4
google-auth==2.59.1 --hash=sha256:89c3f931683a482ac97e61df7eb9da5e08a91703f3c752b2377d72cfb7d69e6a
google-cloud-core==2.8.0 --hash=sha256:e235b0952f7ffe7b9c71a4cf96b506d9cfb557e22557c412f0df9b7068b5d007
google-cloud-storage==3.16.0 --hash=sha256:59e54ff1f7f8a7253c01f593f79d253728c122a8901b83f68fe7464a4131539f
google-crc32c==1.9.0 --hash=sha256:86764b99e7a607830d93cb5b75e0ec3ff6cb06d3c274624418473cee701900d4
google-resumable-media==2.11.0 --hash=sha256:f43d15e6a7f818f762eaead0f369c551f8275a4179c9d6225d0d259f49b87b5d
googleapis-common-protos==1.75.5 --hash=sha256:d7285525c23039db98f2463e6d5a4f9b958b94d497f03a844ece3259c4e72d5d
idna==3.20 --hash=sha256:ab7ae7122974553370f0bdb919e1a960b2cd1bc1ef0276416d896db81c14582c
jmespath==1.1.0 --hash=sha256:a5663118de4908c91729bea0acadca56526eb2698e83de10cd116ae0f4e97c64
kfp==2.16.0 --hash=sha256:c06e5b24c5d4ddc9a65eb1f4ab120437d97a10c483d87fb41ce2f91a30f5aedb
kfp-kubernetes==2.16.0 --hash=sha256:d2a5ef0edfbfdf3a60dbb72f8cbde766636d06cd30d90cbd23c8167538fcdb4d
kfp-pipeline-spec==2.17.0 --hash=sha256:a2ae9f287ce69d72f2fc10a5dca30a5e32ab3b6975ad6ce9d4b54e0e02c54371
kfp-server-api==2.17.0 --hash=sha256:b19ec6ed81743c634ba708af0f8a46369443bffaaad068be5755bb1384a26e8c
kubernetes==30.1.0 --hash=sha256:e212e8b7579031dd2e512168b617373bc1e03888d41ac4e04039240a292d478d
oauthlib==4.0.0 --hash=sha256:624c28c13a0a59cabf9747dfa52af63be3e512a7f2714df16e91b5b3a145e6cd
opentelemetry-api==1.45.0 --hash=sha256:80e068aba7cd56c8b58512d6a36f8d25cb1dfaa0c0a4cc1c938ccf9f362d9cb3
proto-plus==1.29.0 --hash=sha256:8acd070469a7aaf43f440b022ef9757c8cac1a9f866e933f59ae98669ddc6c8b
protobuf==6.33.6 --hash=sha256:e9db7e292e0ab79dd108d7f1a94fe31601ce1ee3f7b79e0692043423020b0593
pyasn1==0.6.4 --hash=sha256:deda9277cfd454080ec40b207fb6df82206a3a2688735233cdcd8d3d565f088b
pyasn1_modules==0.4.2 --hash=sha256:29253a9207ce32b64c3ac6600edc75368f98473906e8fd1043bd6b5b1de2c14a
pycparser==3.0 --hash=sha256:b727414169a36b7d524c1c3e31839a521725078d7b2ff038656844266160a992
python-dateutil==2.9.0.post0 --hash=sha256:a8b2bc7bffae282281c8140a97d3aa9c14da0b136dfe83f850eea9a5f7470427
PyYAML==6.0.3 --hash=sha256:b8bb0864c5a28024fac8a632c443c87c5aa6f215c0b126c449ae1a150412f31d
requests==2.34.2 --hash=sha256:2a0d60c172f83ac6ab31e4554906c0f3b3588d37b5cb939b1c061f4907e278e0
requests-oauthlib==2.0.0 --hash=sha256:7dd8a5c40426b779b0868c404bdef9768deccf22749cde15852df527e6269b36
requests-toolbelt==1.0.0 --hash=sha256:cccfdd665f0a24fcf4726e690f65639d272bb0637b9b92dfd91a5568ccf6bd06
s3transfer==0.14.0 --hash=sha256:ea3b790c7077558ed1f02a3072fb3cb992bbbd253392f4b6e9e8976941c7d456
six==1.17.0 --hash=sha256:4721f391ed90541fddacab5acf947aa0d3dc7d27b2e1e8eda2be8970586c3274
tabulate==0.10.0 --hash=sha256:f0b0622e567335c8fabaaa659f1b33bcb6ddfe2e496071b743aa113f8774f2d3
typing_extensions==4.16.0 --hash=sha256:481caa481374e813c1b176ada14e97f1f67a4539ce9cfeb3f350d78d6370c2e8
urllib3==2.8.0 --hash=sha256:0cf3cae568d36aa9576b28dfb35f11328f1cb974ca7647d9475ebb86c75ac6e3
websocket-client==1.9.2 --hash=sha256:e1a673830a9c7bfa47b1cd3d5e4178f4c9651d80a4eab02c9c23a1c3ec6250ce
