# ANI 基础组件固定材料锁（第一轮：cert-manager / PostgreSQL / Valkey / NATS）
#
# 本文件只描述固定材料：官方来源、版本、材料路径、摘要和真实验证状态。
# 它不是版本求解器，也不接受任意版本注入。
# 与之配套的执行计划：docs/foundation-components-batch-execution-plan-20260918.md

apiVersion: ani.installer/v1
kind: ComponentMaterialLock

lockedAt: "2026-09-18"
lockBatch: B0
status: materials_confirmed / installation_not_verified

notes:
  - 所有摘要均在 Fedora 上通过 skopeo 实际读取源仓库 manifest 得到，未填假值。
  - source_manifest_digest 是源仓库多架构 index 的摘要；amd64_manifest_digest 是其中
    linux/amd64 manifest 的摘要。二者通常是不同的值，锁定时不得要求相等。
  - 本轮不在目标机联网补依赖；所有部署与测试镜像均来自离线 artifact。
  - Chart 与 app 版本分开记录，不从一个推测另一个。

base:
  # 现有底座，本轮保留不升级
  kubernetes: v1.35.8
  containerd: v2.3.4
  runc: v1.4.3
  hauler: v2.0.3
  # kcn: dev = docker.changqingyun.cn/kubercloud/kc-networking:dev
  # 2026-09-20 升级（K-5 坏 netns 修复）；安装清单重写自上游 install-dev.yaml，
  # 镜像以本地 tar 注入离线包（OCI index sha256:5a8cf98fcccf118c…，见 images.tsv）。
  kcn: dev
  envoyGateway: 既定定制版本（仓库已锁定，本轮不动）
  rook: v1.20.7
  ceph: v20.2.4

# ---------------------------------------------------------------------------
# 随制品提供的固定二进制工具
# ---------------------------------------------------------------------------
tools:
  helm:
    version: v3.20.0
    gitVersion: v3.20.0+gb2e4314
    source: https://get.helm.sh/helm-v3.20.0-linux-amd64.tar.gz
    sourceTarballSha256: dbb4c8fc8e19d159d1a63dda8db655f9ffa4aac1b9a6b188b34a40957119b286
    binarySha256: 1f7ed083dbc200a10fdfe04df94c21530140fdc955de5a1daed2694150f77b17
    artifactPath: bin/helm
    purpose: 渲染并部署本轮官方固定 Chart；不执行 helm repo update / dependency update
    verifiedCommand: "helm version --short -> v3.20.0+gb2e4314（Fedora 实际执行）"
    status: materials_confirmed / installation_not_verified

# ---------------------------------------------------------------------------
# 证书验证工具镜像（随离线包供应，不在目标机临时安装 openssl）
# ---------------------------------------------------------------------------
verificationToolImages:
  - original: docker.io/alpine/openssl:3.5.4
    haulerRef: 127.0.0.1:5000/alpine/openssl:3.5.4
    sourceManifestDigest: sha256:42c7389ef077aed0eb4e96d0abbd094083d701bbaff1313073b061c0c9cd8278
    amd64ManifestDigest: sha256:b3a40181a3234df05d3702c48fd1c3690261b4d90b5ef418a2e84b9bf533ad37
    verifiedCommand: /usr/bin/openssl
    verifiedOutput: "OpenSSL 3.5.4 30 Sep 2025"
    use: cert-manager 证书链 / SAN / 有效期验证 Job

# ---------------------------------------------------------------------------
# 四个组件
# ---------------------------------------------------------------------------
components:

  cert-manager:
    batch: B1
    namespace: cert-manager
    chartVersion: v1.21.2
    appVersion: v1.21.2
    chartSource: https://charts.jetstack.io/charts/cert-manager-v1.21.2.tgz
    chartSha256: 73a56e1728edd6c99f1f31082618c3259d279a76b7ebd3d4bdc5475c2442d34a
    artifactChartPath: charts/cert-manager/v1.21.2.tgz
    chartFacts:
      crdsEnabledDefault: false
      crdsEnabledInOurValues: true
      topLevelImageKeys: [imageRegistry, imageNamespace]
      perComponentImageNameKeys:
        - image.name = cert-manager-controller
        - webhook.image.name = cert-manager-webhook
        - cainjector.image.name = cert-manager-cainjector
        - startupapicheck.image.name = cert-manager-startupapicheck
        - acmesolver.image.name = cert-manager-acmesolver
      # acmesolver 不产生常驻 Pod，但 controller 默认参数会引用它
      controllerDefaultArgsObserved:
        - "--cluster-resource-namespace=$(POD_NAMESPACE)"
        - "--leader-election-namespace=kube-system"
        - "--acme-http01-solver-image=quay.io/jetstack/cert-manager-acmesolver:v1.21.2"
        - "--max-concurrent-challenges=60"
      renderedDeploymentCount: 3  # controller / webhook / cainjector
      renderedHookJobCount: 1     # startupapicheck (post-install hook)
    images:
      - original: quay.io/jetstack/cert-manager-controller:v1.21.2
        haulerRef: 127.0.0.1:5000/jetstack/cert-manager-controller:v1.21.2
        sourceManifestDigest: sha256:70f532fd9cfde0b09d55687200942399d89838bc2d5d5b45152eb799a15912b8
        amd64ManifestDigest: sha256:57bb397c639e0e94184ba67848e5dad04284f24645e521e764a0ee5f5002f286
        use: cert-manager controller Deployment
      - original: quay.io/jetstack/cert-manager-webhook:v1.21.2
        haulerRef: 127.0.0.1:5000/jetstack/cert-manager-webhook:v1.21.2
        sourceManifestDigest: sha256:a60e2dac46dbb8a7f3df95c54ce941012f54c2fe022f0ee55aaa1ab40ed957ae
        amd64ManifestDigest: sha256:b929259301ee75270ab4651d5e6bd4ba7b6624b1ce48ba767d064295a9312101
        use: cert-manager webhook Deployment
      - original: quay.io/jetstack/cert-manager-cainjector:v1.21.2
        haulerRef: 127.0.0.1:5000/jetstack/cert-manager-cainjector:v1.21.2
        sourceManifestDigest: sha256:c85268c64f2e0e76684bf5fe8906caff34b82523561c6affe0fae3546bd87562
        amd64ManifestDigest: sha256:aa2bc58725d92a643f5069dde58abc93b65566ded8951348873ac9ee7efef66c
        use: cert-manager cainjector Deployment
      - original: quay.io/jetstack/cert-manager-startupapicheck:v1.21.2
        haulerRef: 127.0.0.1:5000/jetstack/cert-manager-startupapicheck:v1.21.2
        sourceManifestDigest: sha256:46e75b6866359ffb5d82624f41e3ed1c70b2994982702ced547ce5edb418a8f5
        amd64ManifestDigest: sha256:ed347b0ab607058f139b83f41567109456b9776330b63da8086a120afb7f1729
        use: cert-manager startupapicheck post-install hook Job
      - original: quay.io/jetstack/cert-manager-acmesolver:v1.21.2
        haulerRef: 127.0.0.1:5000/jetstack/cert-manager-acmesolver:v1.21.2
        sourceManifestDigest: sha256:699b40d622211ab7accad8a21b04c5fbaa1841ef7a12621e8de492dbe27b2503
        amd64ManifestDigest: sha256:dc5c5b8456d1a50af47a240987e85afce352b5c1155a8a4698b7c91eac19f407
        use: controller --acme-http01-solver-image 默认引用；本轮不启用 ACME，但随包供应以避免重试时缺镜像
    status: materials_confirmed / installation_not_verified

  postgresql:
    batch: B2
    namespace: ani-platform
    workload: StatefulSet/postgresql（单副本）
    appVersion: "17.11"
    imageTag: 17.11-bookworm
    chartVersion: null   # 不使用 Operator/Chart，自管最小 StatefulSet 清单
    imageSource: https://hub.docker.com/_/postgres
    materialFacts:
      psqlClient: 镜像自带 psql，客户端 Job 复用同一镜像，不在目标机 apt 安装
      opensslInImage: "/usr/bin/openssl 3.0.20（Fedora 实际执行确认；仅记录，本组件不依赖它）"
      entrypoint: 官方 docker-entrypoint.sh，支持 POSTGRES_PASSWORD_FILE
    images:
      - original: docker.io/library/postgres:17.11-bookworm
        haulerRef: 127.0.0.1:5000/library/postgres:17.11-bookworm
        sourceManifestDigest: sha256:051f7b7b3abdd564d5d1bd1e8c4b9c1b6e77087d1dd22020ede611c096a272e0
        amd64ManifestDigest: sha256:7bade6d532592ca8ce7ee32def7399dad2607c4ea5583839fc4352a095a11ea6
        use: PostgreSQL 单实例 StatefulSet 与 psql 客户端 Job
    status: materials_confirmed / installation_not_verified

  valkey:
    batch: B3
    namespace: ani-platform
    workload: StatefulSet/valkey（单副本）
    appVersion: "8.1.10"
    imageTag: 8.1.10-alpine
    chartVersion: null
    imageSource: https://github.com/valkey-io/valkey-container
    materialFacts:
      cli: 镜像自带 valkey-cli，客户端 Job 复用同一镜像
      persistence: AOF，appendfsync everysec
    images:
      - original: docker.io/valkey/valkey:8.1.10-alpine
        haulerRef: 127.0.0.1:5000/valkey/valkey:8.1.10-alpine
        sourceManifestDigest: sha256:d2e18f3410b6f616de1417f570fa55261af2898b9c5b2cfb6781ce2373ea43d1
        amd64ManifestDigest: sha256:e55eb7bfbce02957d1a91fb1e26d69aa36eb18f77bf9f86ff6eff81f864b13b7
        use: Valkey 单实例 StatefulSet 与 valkey-cli 客户端 Job
    status: materials_confirmed / installation_not_verified

  nats:
    batch: B4
    namespace: ani-platform
    workload: 官方 Chart nats（单实例 StatefulSet）
    chartVersion: 2.14.6
    appVersion: 2.14.6
    chartSource: https://github.com/nats-io/k8s/releases/download/nats-2.14.6/nats-2.14.6.tgz
    chartSha256: 72f7412d6856a6c75c80d4aa4a1ed88c3846f5728fa8e0cc134a76da0febe3d9
    artifactChartPath: charts/nats/2.14.6.tgz
    chartFacts:
      renderedWithPlanValues:
        kindStatefulSet: nats
        jetstreamFileStorePvc: nats-js（5Gi, storageClassName ani-block）
        services: [nats, nats-headless]
        promExporterDefaultEnabled: false
        natsBoxDefaultEnabled: false
      tokenSyntax: "config.merge.authorization.token 使用该 Chart 特殊语法 << $TOKEN >>，配 container.env.TOKEN 的 secretKeyRef"
      defaultImagesRendered:
        - nats:2.14.6-alpine
        - natsio/nats-server-config-reloader:0.23.0
    images:
      - original: docker.io/library/nats:2.14.6-alpine
        haulerRef: 127.0.0.1:5000/library/nats:2.14.6-alpine
        sourceManifestDigest: sha256:ad7a43eb7e3337c3c38ce5d784d1461791f95f730f252d2b25eee699752a0ca3
        amd64ManifestDigest: sha256:065e8355c20a5575b3c77224be1855e8103fd148b68fba05130b9b8ddfa40ccc
        use: NATS server StatefulSet
      - original: docker.io/natsio/nats-server-config-reloader:0.23.0
        haulerRef: 127.0.0.1:5000/natsio/nats-server-config-reloader:0.23.0
        sourceManifestDigest: sha256:64cb6c858e794906d3167378e02b7e0feb83c4e14c07b371eb8d921ef8c4a60b
        amd64ManifestDigest: sha256:1418d42cea39ea729c1d34ca26ba33d967abdf040bad45ec1314c807bfacc56f
        use: NATS config reloader sidecar
      - original: docker.io/natsio/nats-box:0.19.7
        haulerRef: 127.0.0.1:5000/natsio/nats-box:0.19.7
        sourceManifestDigest: sha256:ffce8bd103383f179f8c7f11cf645726acf5d17280706c530c3b342dbe16334c
        amd64ManifestDigest: sha256:40c8442312af09e36818ea3500244ab5c18ce22fa2678885940e6a97f93f96ff
        use: NATS CLI 一次性验证 Job（非常驻 natsBox）
    status: materials_confirmed / installation_not_verified

# ---------------------------------------------------------------------------
# 本轮有意不打进离线包的镜像（记录决定，避免遗漏或误解）
# ---------------------------------------------------------------------------
excludedImages:
  - original: natsio/prometheus-nats-exporter:0.20.1
    reason: Chart 中 promExporter.enabled 默认 false，本轮不启用，保持关闭
  - original: natsio/nats-server-config-reloader 之外的任何 operator 组件
    reason: 不部署 NACK / operator / 多租户账号系统

# ---------------------------------------------------------------------------
# 第二批：指标、告警与可选日志后端（2026-09-19）
#
# 与第一批分开记录，避免把两批的固定材料混成一张表。
# 候选版本依据 docs/research/observability-{metrics,logs}-materials-20260919.md，
# 摘要为本轮在 Fedora 实测（Chart 重新下载 + skopeo 读取 manifest），不是转述。
# 本批状态：materials_confirmed / installation_not_verified。
# kcn dev 材料已于 2026-09-20 用户提供并注入（见 base.kcn），installer 侧完成升级改造。
# ---------------------------------------------------------------------------
batch2:
  lockedAt: "2026-09-19"
  plan: docs/observability-components-batch-execution-plan-20260919.md
  status: materials_confirmed / installation_not_verified
  notes:
    - index 摘要是源仓库多架构 index；amd64ManifestDigest 是其中 linux/amd64 manifest 的摘要。
      两者通常是不同的值，锁定时不得要求相等。
    - kube-prometheus-stack 的 charts/ 已内含 crds/grafana/kube-state-metrics/
      prometheus-node-exporter/prometheus-windows-exporter，目标机不执行 dependency update。
    - node-exporter 的 tag 字段必须写不带 -distroless 的版本号：子 Chart 在
      image.distroless=true 时追加 -distroless，写成全名会产生双重后缀。
    - metrics 的 7 个运行镜像中，Prometheus/Alertmanager 由 Operator 在 CR 中二次生成，
      reloader 出现在 Operator 的 --prometheus-config-reloader 参数，admission 两个 Job 是
      Helm hook；均不能只扫描渲染后的 Deployment/Pod 来统计。

  charts:
    - name: kube-prometheus-stack
      chartVersion: 85.4.0
      appVersion: v0.90.1
      source: https://github.com/prometheus-community/helm-charts/releases/download/kube-prometheus-stack-85.4.0/kube-prometheus-stack-85.4.0.tgz
      sha256: 3b07b7c91f1eaec75a125d1938c4e10d3b1ef6076ff7226d031fadadb4651a60
      artifactChartPath: charts/kube-prometheus-stack/85.4.0.tgz
      release: ani-metrics
      namespace: ani-observability
      kubernetesDeclared: ">=1.25.0-0"
      renderedWith: helm v3.20.0 + --kube-version 1.35.8
      renderedLines: 1868
    - name: loki
      chartVersion: 18.13.3
      appVersion: 3.7.8
      source: https://github.com/grafana-community/helm-charts/releases/download/loki-18.13.3/loki-18.13.3.tgz
      sha256: ddb31751a90269980332eb17ddbd67f2971fc1b0e847d6d1752a749c8e86232a
      artifactChartPath: charts/loki/18.13.3.tgz
      namespace: ani-observability
      upstreamNote: Chart 已于 2026-03-16 迁移至 grafana-community 仓库；不使用旧 grafana/loki 入口
      renderedLines: 438
    - name: opensearch
      chartVersion: 3.8.0
      appVersion: 3.8.0
      source: https://github.com/opensearch-project/helm-charts/releases/download/opensearch-3.8.0/opensearch-3.8.0.tgz
      sha256: cad6c77d04ec2389be6f61b5422ce61e7264eb7145e42b4c78dbc00e9d7dbe4d
      artifactChartPath: charts/opensearch/3.8.0.tgz
      namespace: ani-observability
      renderedLines: 318
    - name: fluent-bit
      chartVersion: 0.58.2
      appVersion: 5.1.2
      source: https://github.com/fluent/helm-charts/releases/download/fluent-bit-0.58.2/fluent-bit-0.58.2.tgz
      sha256: 2404614ace4c7dc049b76fd39d13b695f7b66332c38095327ebaa8fc91f0b046
      artifactChartPath: charts/fluent-bit/0.58.2.tgz
      namespace: ani-observability
      upstreamNote: preflight 输出曾被 §5 研究附录误写为 2404614a…e60f046；实际为 …f0b046，以实测为准
      renderedLines: 228

  metricsImages:
    - original: quay.io/prometheus-operator/prometheus-operator:v0.90.1
      haulerRef: 127.0.0.1:5000/prometheus-operator/prometheus-operator:v0.90.1
      sourceManifestDigest: sha256:52a6a92d915ea2fa94314748d99db7a94922e3fe63274f6182fc033b9126b573
      amd64ManifestDigest: sha256:c8aed26b2a0858b4beed8d6bc2215f7f6bdc6c96dd4de8e6e246c0a5b7a7876b
      use: Prometheus Operator Deployment
    - original: quay.io/prometheus-operator/prometheus-config-reloader:v0.90.1
      haulerRef: 127.0.0.1:5000/prometheus-operator/prometheus-config-reloader:v0.90.1
      sourceManifestDigest: sha256:693faa0b87243cddca2cffb13586e4e2778b0cdf319cb2e601ba7af3fd19ef7d
      amd64ManifestDigest: sha256:af7715ef28e2cc413a6a850b5f928f185245dbb38359156eca3d5f1eb676b93f
      use: Operator --prometheus-config-reloader 参数（由 Operator 生成工作负载）
    - original: quay.io/prometheus/prometheus:v3.11.3-distroless
      haulerRef: 127.0.0.1:5000/prometheus/prometheus:v3.11.3-distroless
      sourceManifestDigest: sha256:cff72a3f49918f41c4b5c8a6174dd8433036bebf7878120da538b3720ba3fa0d
      amd64ManifestDigest: sha256:a1868e471c843677013c5fa2f569011e70d49b9e8f690719ea750b458840ec6d
      use: Prometheus CR 镜像（位于自定义资源，不在 Pod 模板）
    - original: quay.io/prometheus/alertmanager:v0.32.1
      haulerRef: 127.0.0.1:5000/prometheus/alertmanager:v0.32.1
      sourceManifestDigest: sha256:51a825c2a40acc3e338fdd00d622e01ec090f72be2b3ea46be0839cd47a4d286
      amd64ManifestDigest: sha256:82c38dcc97cd0fbf5d5e31ddfb304dbb3a6e411194477de5de82ec71b328bb40
      use: Alertmanager CR 镜像（位于自定义资源，不在 Pod 模板）
    - original: registry.k8s.io/kube-state-metrics/kube-state-metrics:v2.19.0
      haulerRef: 127.0.0.1:5000/kube-state-metrics/kube-state-metrics:v2.19.0
      sourceManifestDigest: sha256:6b2f0b6f2f86ac5b1aa883a033a8dd55bb96c16d191ec973393bdaadaddac914
      amd64ManifestDigest: sha256:ad11a45eb9a69fa88a62df4de0959eda21531fd3263c25341d9d9d4da7730930
      use: kube-state-metrics 捆绑子 Chart Deployment
    - original: quay.io/prometheus/node-exporter:v1.11.1-distroless
      haulerRef: 127.0.0.1:5000/prometheus/node-exporter:v1.11.1-distroless
      sourceManifestDigest: sha256:6112664fd761bb964d8a2d3d0119d6c8402618a89edbb3a43c8f7b4090fb53c9
      amd64ManifestDigest: sha256:19bafa75a9de0c9562adf4af595c99c5fe316bb94a297e611495f2dd2ed44a9c
      use: node-exporter DaemonSet（父 Chart 覆盖 distroless；tag 写 v1.11.1）
    - original: ghcr.io/jkroepke/kube-webhook-certgen:1.8.3
      haulerRef: 127.0.0.1:5000/jkroepke/kube-webhook-certgen:1.8.3
      sourceManifestDigest: sha256:8ce13c365c8e9ced0aad5ef350a53c50b7ca5817f99d856b9eec895db1056728
      amd64ManifestDigest: sha256:44063cb072c85da7a0f33244b3054ab44b29a2b7416a319a90456bff21bebb18
      use: admission Webhook create/patch 两个 Helm hook Job
    - original: quay.io/thanos/thanos:v0.41.0
      haulerRef: 127.0.0.1:5000/thanos/thanos:v0.41.0
      sourceManifestDigest: null
      amd64ManifestDigest: null
      use: Operator --thanos-default-base-image 默认参数；本批不启用 Thanos，标记 unused_disabled_default
      disabled: true
      disabledReason: 本批关闭 ThanosRuler 与 Thanos 相关服务/sidecar，不为消掉字符串而部署 Thanos

  logsImages:
    - original: docker.io/grafana/loki:3.7.8
      haulerRef: 127.0.0.1:5000/grafana/loki:3.7.8
      sourceManifestDigest: sha256:1107dd5274e0ada47e42472b7a7e71f3b2a2fe878878108f3e2f9e51528f0193
      amd64ManifestDigest: sha256:81a6802ec4bd1b88c564494f06376889ed022998a188826190d26d2754ac2aae
      use: Loki 单体 StatefulSet
    - original: docker.io/opensearchproject/opensearch:3.8.0
      haulerRef: 127.0.0.1:5000/opensearchproject/opensearch:3.8.0
      sourceManifestDigest: sha256:fafe3fc3587088674669235575aa166228c48bdb940294a8cdbbc1da75236a40
      amd64ManifestDigest: sha256:68a688de28fb9bb66601552650b91a52a9fd5e7eac5481dd2b225ecb66fd09b0
      use: OpenSearch 单节点 StatefulSet；securityadmin.sh 初始化 Job 复用同版镜像
    - original: docker.io/library/busybox:1.37.0
      haulerRef: 127.0.0.1:5000/library/busybox:1.37.0
      sourceManifestDigest: sha256:9db7b59979c38555a39def84a31fb98b5296952f9e3afd4f6f11f05b07adfab0
      amd64ManifestDigest: sha256:7a3ebe5bfd1a4a19797d20b0c0bb39d44393e9a03fd852c0865b0f540d868df0
      use: OpenSearch PVC 初始化（替换 Chart 隐式 busybox:latest）
    - original: cr.fluentbit.io/fluent/fluent-bit:5.1.2
      haulerRef: 127.0.0.1:5000/fluent/fluent-bit:5.1.2
      sourceManifestDigest: sha256:d792375ca8e53be72fc25716c28f291f32c6fc6f4f31d12d0d14bc78cefe9226
      amd64ManifestDigest: sha256:71cda445290efc2d45d565c12e0de4b15aa0182510276ad50c317aae1423d7ee
      use: Fluent Bit DaemonSet（统一采集层，两个日志后端共用）

  batch2ExcludedImages:
    - original: docker.io/grafana/grafana:*
      reason: 本批不部署 Grafana
    - original: docker.io/library/memcached:*
      reason: chunksCache/resultsCache 显式关闭，避免 Chart 默认约 8GiB/1GiB 缓存声明
    - original: ghcr.io/jimmidyson/configmap-reload:*
      reason: Fluent Bit hotReload.enabled=false
  labToolImage:
    - original: docker.io/library/python:3.13.11-alpine3.23
      haulerRef: 127.0.0.1:5000/library/python:3.13.11-alpine3.23
      sourceManifestDigest: sha256:2f607129b1b915a949320bf0c4831a73d1c1b1be663c2b1d8c93aa35a5f44a95
      amd64ManifestDigest: sha256:0d8324e4e3453ec8586b886b95e8fc901689f936c413fdf6ae7d93a32a95956e
      use: lab 的 HTTP webhook 接收器 / API 查询客户端 / 日志发射器；只跑标准库脚本，不走 pip/apk
      scope: lab 与验收材料，不属于安装恢复逻辑，也不作为常驻生产服务

# ---------------------------------------------------------------------------
# 每批真实验证记录（安装未完成前保持 installation_not_verified）
# ---------------------------------------------------------------------------
verificationRecords: []
