# ANI 基础组件固定材料锁（第一轮：cert-manager / PostgreSQL / Valkey / NATS）
#
# 本文件只描述固定材料：官方来源、版本、材料路径、摘要和真实验证状态。
# 它不是版本求解器，也不接受任意版本注入。
# 与之配套的执行计划：docs/foundation-components-batch-execution-plan-20260918.md

apiVersion: ani.installer/v1
kind: ComponentMaterialLock

lockedAt: "2026-09-18"
lockBatch: B0
status: materials_confirmed / installation_not_verified

notes:
  - 所有摘要均在 Fedora 上通过 skopeo 实际读取源仓库 manifest 得到，未填假值。
  - source_manifest_digest 是源仓库多架构 index 的摘要；amd64_manifest_digest 是其中
    linux/amd64 manifest 的摘要。二者通常是不同的值，锁定时不得要求相等。
  - 本轮不在目标机联网补依赖；所有部署与测试镜像均来自离线 artifact。
  - Chart 与 app 版本分开记录，不从一个推测另一个。

base:
  # 网络栈二选一（站点配置 network.stack，缺省 kcn）：kcn = 自研批次（kcn CNI +
  # envoy-gateway 家族 + smoke）；kubeovn = Kube-OVN（2026-09-22 材料就位并集成）。
  # kubeovn: v1.16.6 — docker.io 官方镜像（kubeovn/kube-ovn、kubeovn/vpc-nat-gateway，
  # amd64 RepoDigest 见 ani/images-kubeovn.tsv），默认拉取路径直达、无 tar 注入。
  # 清单来自上游 one-step 安装器（v1.16.6 无独立 yaml 下载，heredoc 提取）：
  # https://raw.githubusercontent.com/kubeovn/kube-ovn/refs/tags/v1.16.6/dist/images/install.sh
  # （2026-09-22 实测，sha256 1c556393b4508cabe70bc56c0df107c4c34e67ecf9cafd0f0b086e4f244aeacd）。
  # role ani/kubeovn 清单与等待列表已按真实材料重写；尚未真实安装实证（not_verified）。
  # 现有底座，本轮保留不升级
  kubernetes: v1.35.8
  containerd: v2.3.4
  runc: v1.4.3
  hauler: v2.0.3
  # kcn: dev = docker.changqingyun.cn/kubercloud/kc-networking:dev
  # 2026-09-21 二次供料（fix2，K-5 STS 原地重建修复）：安装清单重写自上游
  # install-dev.yaml（32 段），镜像以本地 tar 注入离线包。amd64 manifest 摘要
  # sha256:05ea46f8cdcb033158cd0c80eac41b88a63eeb87ee4e9f5823be97c94171563a
  #（fix2 tar 为纯 docker-archive 无 index，manifest 为确定性构造，见 /tmp/kcn-tar-report.md）。
  # 2026-09-20 首轮 index sha256:5a8cf98f… 已被本轮取代，见 images.tsv。
  kcn: dev
  # kubeovn 栈（network.stack: kubeovn）固定版本
  kubeovn: v1.16.6
  envoyGateway: 既定定制版本（仓库已锁定，本轮不动）
  rook: v1.20.7
  ceph: v20.2.4

# ---------------------------------------------------------------------------
# 随制品提供的固定二进制工具
# ---------------------------------------------------------------------------
tools:
  helm:
    version: v3.20.0
    gitVersion: v3.20.0+gb2e4314
    source: https://get.helm.sh/helm-v3.20.0-linux-amd64.tar.gz
    sourceTarballSha256: dbb4c8fc8e19d159d1a63dda8db655f9ffa4aac1b9a6b188b34a40957119b286
    binarySha256: 1f7ed083dbc200a10fdfe04df94c21530140fdc955de5a1daed2694150f77b17
    artifactPath: bin/helm
    purpose: 渲染并部署本轮官方固定 Chart；不执行 helm repo update / dependency update
    verifiedCommand: "helm version --short -> v3.20.0+gb2e4314（Fedora 实际执行）"
    status: materials_confirmed / installation_not_verified
  virtctl:
    version: v1.9.0
    gitVersion: v1.9.0
    source: https://github.com/kubevirt/kubevirt/releases/download/v1.9.0/virtctl-v1.9.0-linux-amd64
    sourceTarballSha256: 40ede2ee37c98a1aeed71c9c219616a05247ce2be109e1edddf0477572e8b978
    binarySha256: 40ede2ee37c98a1aeed71c9c219616a05247ce2be109e1edddf0477572e8b978
    artifactPath: bin/virtctl
    purpose: B05 VM guest command and normal stop/start; direct official release binary
    releaseAssetId: "495538543"
    status: source_digest_confirmed / installation_not_verified
  hauler:
    version: v2.0.3
    gitVersion: v2.0.3
    source: https://github.com/hauler-dev/hauler/releases/download/v2.0.3/hauler_2.0.3_linux_amd64.tar.gz
    sourceTarballSha256: 6685eb1ba86291566f3694d69a8b7e80c928e5a589853691cccf51b26bc61617
    binarySha256: 4eaf2d370feb3fe26ad58863e79e49c8c7f4579b675dc42a46a798c437e03a61
    artifactPath: bin/hauler
    purpose: 在节点上装载并只读服务离线镜像 store（kk ani install 的 registry 阶段）；不做任何在线拉取
    checksumsFile: https://github.com/hauler-dev/hauler/releases/download/v2.0.3/hauler_2.0.3_checksums.txt
    checksumsSha256: 8f83e593843ea7db12fe3daeef47e47f944e65af9bc7de14a13e584d3790ba8b
    releaseAssetId: "505408265"
    tagCommit: 8d688ccee289e0770a1bf6a022cfd8c3a4625995
    integrityNote: >-
      核验强度到此为止：上游发布自己的 checksums 文件（本机 691B，摘要如上，且与发布平台公布的该资产 digest 一致），
      本机对完整下载包做全文件 sha256 并解出成员与本地/制品内二进制逐字节 cmp 一致，三方独立抓取字节一致；
      上游未发布任何 .sig/.pem/.asc/in-toto/attestation 资产，故“签名验证”未做也不成立，
      身份依赖 HTTPS 传输与发布平台资产记录。压缩包摘要、二进制摘要、tag 的 git commit 分列，不互相冒充。
    verifiedCommand: >-
      hauler version -> GitVersion v2.0.3, GitCommit 8d688cc, GitTreeState clean,
      BuildDate 2026-08-07T16:32:44Z, GoVersion go1.26.5-X:boringcrypto（Fedora 用官方解出二进制实际执行）
    status: materials_confirmed / installation_not_verified
    evidence: docs/execution 之外：evidence/F-remediation-20260925/live/hauler-source-check-20260926/PROVENANCE.md

# ---------------------------------------------------------------------------
# 证书验证工具镜像（随离线包供应，不在目标机临时安装 openssl）
# ---------------------------------------------------------------------------
verificationToolImages:
  - original: docker.io/alpine/openssl:3.5.4
    haulerRef: 127.0.0.1:5000/alpine/openssl:3.5.4
    sourceManifestDigest: sha256:42c7389ef077aed0eb4e96d0abbd094083d701bbaff1313073b061c0c9cd8278
    amd64ManifestDigest: sha256:b3a40181a3234df05d3702c48fd1c3690261b4d90b5ef418a2e84b9bf533ad37
    verifiedCommand: /usr/bin/openssl
    verifiedOutput: "OpenSSL 3.5.4 30 Sep 2025"
    use: cert-manager 证书链 / SAN / 有效期验证 Job

# ---------------------------------------------------------------------------
# 四个组件
# ---------------------------------------------------------------------------
components:

  cert-manager:
    batch: B1
    namespace: cert-manager
    chartVersion: v1.21.2
    appVersion: v1.21.2
    chartSource: https://charts.jetstack.io/charts/cert-manager-v1.21.2.tgz
    chartSha256: 73a56e1728edd6c99f1f31082618c3259d279a76b7ebd3d4bdc5475c2442d34a
    artifactChartPath: charts/cert-manager/v1.21.2.tgz
    chartFacts:
      crdsEnabledDefault: false
      crdsEnabledInOurValues: true
      topLevelImageKeys: [imageRegistry, imageNamespace]
      perComponentImageNameKeys:
        - image.name = cert-manager-controller
        - webhook.image.name = cert-manager-webhook
        - cainjector.image.name = cert-manager-cainjector
        - startupapicheck.image.name = cert-manager-startupapicheck
        - acmesolver.image.name = cert-manager-acmesolver
      # acmesolver 不产生常驻 Pod，但 controller 默认参数会引用它
      controllerDefaultArgsObserved:
        - "--cluster-resource-namespace=$(POD_NAMESPACE)"
        - "--leader-election-namespace=kube-system"
        - "--acme-http01-solver-image=quay.io/jetstack/cert-manager-acmesolver:v1.21.2"
        - "--max-concurrent-challenges=60"
      renderedDeploymentCount: 3  # controller / webhook / cainjector
      renderedHookJobCount: 1     # startupapicheck (post-install hook)
    images:
      - original: quay.io/jetstack/cert-manager-controller:v1.21.2
        haulerRef: 127.0.0.1:5000/jetstack/cert-manager-controller:v1.21.2
        sourceManifestDigest: sha256:70f532fd9cfde0b09d55687200942399d89838bc2d5d5b45152eb799a15912b8
        amd64ManifestDigest: sha256:57bb397c639e0e94184ba67848e5dad04284f24645e521e764a0ee5f5002f286
        use: cert-manager controller Deployment
      - original: quay.io/jetstack/cert-manager-webhook:v1.21.2
        haulerRef: 127.0.0.1:5000/jetstack/cert-manager-webhook:v1.21.2
        sourceManifestDigest: sha256:a60e2dac46dbb8a7f3df95c54ce941012f54c2fe022f0ee55aaa1ab40ed957ae
        amd64ManifestDigest: sha256:b929259301ee75270ab4651d5e6bd4ba7b6624b1ce48ba767d064295a9312101
        use: cert-manager webhook Deployment
      - original: quay.io/jetstack/cert-manager-cainjector:v1.21.2
        haulerRef: 127.0.0.1:5000/jetstack/cert-manager-cainjector:v1.21.2
        sourceManifestDigest: sha256:c85268c64f2e0e76684bf5fe8906caff34b82523561c6affe0fae3546bd87562
        amd64ManifestDigest: sha256:aa2bc58725d92a643f5069dde58abc93b65566ded8951348873ac9ee7efef66c
        use: cert-manager cainjector Deployment
      - original: quay.io/jetstack/cert-manager-startupapicheck:v1.21.2
        haulerRef: 127.0.0.1:5000/jetstack/cert-manager-startupapicheck:v1.21.2
        sourceManifestDigest: sha256:46e75b6866359ffb5d82624f41e3ed1c70b2994982702ced547ce5edb418a8f5
        amd64ManifestDigest: sha256:ed347b0ab607058f139b83f41567109456b9776330b63da8086a120afb7f1729
        use: cert-manager startupapicheck post-install hook Job
      - original: quay.io/jetstack/cert-manager-acmesolver:v1.21.2
        haulerRef: 127.0.0.1:5000/jetstack/cert-manager-acmesolver:v1.21.2
        sourceManifestDigest: sha256:699b40d622211ab7accad8a21b04c5fbaa1841ef7a12621e8de492dbe27b2503
        amd64ManifestDigest: sha256:dc5c5b8456d1a50af47a240987e85afce352b5c1155a8a4698b7c91eac19f407
        use: controller --acme-http01-solver-image 默认引用；本轮不启用 ACME，但随包供应以避免重试时缺镜像
    status: materials_confirmed / installation_not_verified

  postgresql:
    batch: B2
    namespace: ani-platform
    workload: StatefulSet/postgresql（单副本）
    appVersion: "17.11"
    imageTag: 17.11-bookworm
    chartVersion: null   # 不使用 Operator/Chart，自管最小 StatefulSet 清单
    imageSource: https://hub.docker.com/_/postgres
    materialFacts:
      psqlClient: 镜像自带 psql，客户端 Job 复用同一镜像，不在目标机 apt 安装
      opensslInImage: "/usr/bin/openssl 3.0.20（Fedora 实际执行确认；仅记录，本组件不依赖它）"
      entrypoint: 官方 docker-entrypoint.sh，支持 POSTGRES_PASSWORD_FILE
    images:
      - original: docker.io/library/postgres:17.11-bookworm
        haulerRef: 127.0.0.1:5000/library/postgres:17.11-bookworm
        sourceManifestDigest: sha256:051f7b7b3abdd564d5d1bd1e8c4b9c1b6e77087d1dd22020ede611c096a272e0
        amd64ManifestDigest: sha256:7bade6d532592ca8ce7ee32def7399dad2607c4ea5583839fc4352a095a11ea6
        use: PostgreSQL 单实例 StatefulSet 与 psql 客户端 Job
    status: materials_confirmed / installation_not_verified

  valkey:
    batch: B3
    namespace: ani-platform
    workload: StatefulSet/valkey（单副本）
    appVersion: "8.1.10"
    imageTag: 8.1.10-alpine
    chartVersion: null
    imageSource: https://github.com/valkey-io/valkey-container
    materialFacts:
      cli: 镜像自带 valkey-cli，客户端 Job 复用同一镜像
      persistence: AOF，appendfsync everysec
    images:
      - original: docker.io/valkey/valkey:8.1.10-alpine
        haulerRef: 127.0.0.1:5000/valkey/valkey:8.1.10-alpine
        sourceManifestDigest: sha256:d2e18f3410b6f616de1417f570fa55261af2898b9c5b2cfb6781ce2373ea43d1
        amd64ManifestDigest: sha256:e55eb7bfbce02957d1a91fb1e26d69aa36eb18f77bf9f86ff6eff81f864b13b7
        use: Valkey 单实例 StatefulSet 与 valkey-cli 客户端 Job
    status: materials_confirmed / installation_not_verified

  nats:
    batch: B4
    namespace: ani-platform
    workload: 官方 Chart nats（单实例 StatefulSet）
    chartVersion: 2.14.6
    appVersion: 2.14.6
    chartSource: https://github.com/nats-io/k8s/releases/download/nats-2.14.6/nats-2.14.6.tgz
    chartSha256: 72f7412d6856a6c75c80d4aa4a1ed88c3846f5728fa8e0cc134a76da0febe3d9
    artifactChartPath: charts/nats/2.14.6.tgz
    chartFacts:
      renderedWithPlanValues:
        kindStatefulSet: nats
        jetstreamFileStorePvc: nats-js（5Gi, storageClassName ani-block）
        services: [nats, nats-headless]
        promExporterDefaultEnabled: false
        natsBoxDefaultEnabled: false
      tokenSyntax: "config.merge.authorization.token 使用该 Chart 特殊语法 << $TOKEN >>，配 container.env.TOKEN 的 secretKeyRef"
      defaultImagesRendered:
        - nats:2.14.6-alpine
        - natsio/nats-server-config-reloader:0.23.0
    images:
      - original: docker.io/library/nats:2.14.6-alpine
        haulerRef: 127.0.0.1:5000/library/nats:2.14.6-alpine
        sourceManifestDigest: sha256:ad7a43eb7e3337c3c38ce5d784d1461791f95f730f252d2b25eee699752a0ca3
        amd64ManifestDigest: sha256:065e8355c20a5575b3c77224be1855e8103fd148b68fba05130b9b8ddfa40ccc
        use: NATS server StatefulSet
      - original: docker.io/natsio/nats-server-config-reloader:0.23.0
        haulerRef: 127.0.0.1:5000/natsio/nats-server-config-reloader:0.23.0
        sourceManifestDigest: sha256:64cb6c858e794906d3167378e02b7e0feb83c4e14c07b371eb8d921ef8c4a60b
        amd64ManifestDigest: sha256:1418d42cea39ea729c1d34ca26ba33d967abdf040bad45ec1314c807bfacc56f
        use: NATS config reloader sidecar
      - original: docker.io/natsio/nats-box:0.19.7
        haulerRef: 127.0.0.1:5000/natsio/nats-box:0.19.7
        sourceManifestDigest: sha256:ffce8bd103383f179f8c7f11cf645726acf5d17280706c530c3b342dbe16334c
        amd64ManifestDigest: sha256:40c8442312af09e36818ea3500244ab5c18ce22fa2678885940e6a97f93f96ff
        use: NATS CLI 一次性验证 Job（非常驻 natsBox）
    status: materials_confirmed / installation_not_verified

# ---------------------------------------------------------------------------
# 本轮有意不打进离线包的镜像（记录决定，避免遗漏或误解）
# ---------------------------------------------------------------------------
excludedImages:
  - original: natsio/prometheus-nats-exporter:0.20.1
    reason: Chart 中 promExporter.enabled 默认 false，本轮不启用，保持关闭
  - original: natsio/nats-server-config-reloader 之外的任何 operator 组件
    reason: 不部署 NACK / operator / 多租户账号系统

# ---------------------------------------------------------------------------
# 第二批：指标、告警与可选日志后端（2026-09-19）
#
# 与第一批分开记录，避免把两批的固定材料混成一张表。
# 候选版本依据 docs/research/observability-{metrics,logs}-materials-20260919.md，
# 摘要为本轮在 Fedora 实测（Chart 重新下载 + skopeo 读取 manifest），不是转述。
# 本批状态：materials_confirmed / installation_not_verified。
# kcn dev 材料最新为 2026-09-21 二次供料 fix2（K-5 STS 原地重建修复，见 base.kcn），
# 2026-09-20 首轮供料已被取代；installer 侧同步完成清单重写与镜像注入。
# ---------------------------------------------------------------------------
batch2:
  lockedAt: "2026-09-19"
  plan: docs/observability-components-batch-execution-plan-20260919.md
  status: materials_confirmed / installation_not_verified
  notes:
    - index 摘要是源仓库多架构 index；amd64ManifestDigest 是其中 linux/amd64 manifest 的摘要。
      两者通常是不同的值，锁定时不得要求相等。
    - kube-prometheus-stack 的 charts/ 已内含 crds/grafana/kube-state-metrics/
      prometheus-node-exporter/prometheus-windows-exporter，目标机不执行 dependency update。
    - node-exporter 的 tag 字段必须写不带 -distroless 的版本号：子 Chart 在
      image.distroless=true 时追加 -distroless，写成全名会产生双重后缀。
    - metrics 的 7 个运行镜像中，Prometheus/Alertmanager 由 Operator 在 CR 中二次生成，
      reloader 出现在 Operator 的 --prometheus-config-reloader 参数，admission 两个 Job 是
      Helm hook；均不能只扫描渲染后的 Deployment/Pod 来统计。

  charts:
    - name: kube-prometheus-stack
      chartVersion: 85.4.0
      appVersion: v0.90.1
      source: https://github.com/prometheus-community/helm-charts/releases/download/kube-prometheus-stack-85.4.0/kube-prometheus-stack-85.4.0.tgz
      sha256: 3b07b7c91f1eaec75a125d1938c4e10d3b1ef6076ff7226d031fadadb4651a60
      artifactChartPath: charts/kube-prometheus-stack/85.4.0.tgz
      release: ani-metrics
      namespace: ani-observability
      kubernetesDeclared: ">=1.25.0-0"
      renderedWith: helm v3.20.0 + --kube-version 1.35.8
      renderedLines: 1868
    - name: loki
      chartVersion: 18.13.3
      appVersion: 3.7.8
      source: https://github.com/grafana-community/helm-charts/releases/download/loki-18.13.3/loki-18.13.3.tgz
      sha256: ddb31751a90269980332eb17ddbd67f2971fc1b0e847d6d1752a749c8e86232a
      artifactChartPath: charts/loki/18.13.3.tgz
      namespace: ani-observability
      upstreamNote: Chart 已于 2026-03-16 迁移至 grafana-community 仓库；不使用旧 grafana/loki 入口
      renderedLines: 438
    - name: opensearch
      chartVersion: 3.8.0
      appVersion: 3.8.0
      source: https://github.com/opensearch-project/helm-charts/releases/download/opensearch-3.8.0/opensearch-3.8.0.tgz
      sha256: cad6c77d04ec2389be6f61b5422ce61e7264eb7145e42b4c78dbc00e9d7dbe4d
      artifactChartPath: charts/opensearch/3.8.0.tgz
      namespace: ani-observability
      renderedLines: 318
    - name: fluent-bit
      chartVersion: 0.58.2
      appVersion: 5.1.2
      source: https://github.com/fluent/helm-charts/releases/download/fluent-bit-0.58.2/fluent-bit-0.58.2.tgz
      sha256: 2404614ace4c7dc049b76fd39d13b695f7b66332c38095327ebaa8fc91f0b046
      artifactChartPath: charts/fluent-bit/0.58.2.tgz
      namespace: ani-observability
      upstreamNote: preflight 输出曾被 §5 研究附录误写为 2404614a…e60f046；实际为 …f0b046，以实测为准
      renderedLines: 228

  metricsImages:
    - original: quay.io/prometheus-operator/prometheus-operator:v0.90.1
      haulerRef: 127.0.0.1:5000/prometheus-operator/prometheus-operator:v0.90.1
      sourceManifestDigest: sha256:52a6a92d915ea2fa94314748d99db7a94922e3fe63274f6182fc033b9126b573
      amd64ManifestDigest: sha256:c8aed26b2a0858b4beed8d6bc2215f7f6bdc6c96dd4de8e6e246c0a5b7a7876b
      use: Prometheus Operator Deployment
    - original: quay.io/prometheus-operator/prometheus-config-reloader:v0.90.1
      haulerRef: 127.0.0.1:5000/prometheus-operator/prometheus-config-reloader:v0.90.1
      sourceManifestDigest: sha256:693faa0b87243cddca2cffb13586e4e2778b0cdf319cb2e601ba7af3fd19ef7d
      amd64ManifestDigest: sha256:af7715ef28e2cc413a6a850b5f928f185245dbb38359156eca3d5f1eb676b93f
      use: Operator --prometheus-config-reloader 参数（由 Operator 生成工作负载）
    - original: quay.io/prometheus/prometheus:v3.11.3-distroless
      haulerRef: 127.0.0.1:5000/prometheus/prometheus:v3.11.3-distroless
      sourceManifestDigest: sha256:cff72a3f49918f41c4b5c8a6174dd8433036bebf7878120da538b3720ba3fa0d
      amd64ManifestDigest: sha256:a1868e471c843677013c5fa2f569011e70d49b9e8f690719ea750b458840ec6d
      use: Prometheus CR 镜像（位于自定义资源，不在 Pod 模板）
    - original: quay.io/prometheus/alertmanager:v0.32.1
      haulerRef: 127.0.0.1:5000/prometheus/alertmanager:v0.32.1
      sourceManifestDigest: sha256:51a825c2a40acc3e338fdd00d622e01ec090f72be2b3ea46be0839cd47a4d286
      amd64ManifestDigest: sha256:82c38dcc97cd0fbf5d5e31ddfb304dbb3a6e411194477de5de82ec71b328bb40
      use: Alertmanager CR 镜像（位于自定义资源，不在 Pod 模板）
    - original: registry.k8s.io/kube-state-metrics/kube-state-metrics:v2.19.0
      haulerRef: 127.0.0.1:5000/kube-state-metrics/kube-state-metrics:v2.19.0
      sourceManifestDigest: sha256:6b2f0b6f2f86ac5b1aa883a033a8dd55bb96c16d191ec973393bdaadaddac914
      amd64ManifestDigest: sha256:ad11a45eb9a69fa88a62df4de0959eda21531fd3263c25341d9d9d4da7730930
      use: kube-state-metrics 捆绑子 Chart Deployment
    - original: quay.io/prometheus/node-exporter:v1.11.1-distroless
      haulerRef: 127.0.0.1:5000/prometheus/node-exporter:v1.11.1-distroless
      sourceManifestDigest: sha256:6112664fd761bb964d8a2d3d0119d6c8402618a89edbb3a43c8f7b4090fb53c9
      amd64ManifestDigest: sha256:19bafa75a9de0c9562adf4af595c99c5fe316bb94a297e611495f2dd2ed44a9c
      use: node-exporter DaemonSet（父 Chart 覆盖 distroless；tag 写 v1.11.1）
    - original: ghcr.io/jkroepke/kube-webhook-certgen:1.8.3
      haulerRef: 127.0.0.1:5000/jkroepke/kube-webhook-certgen:1.8.3
      sourceManifestDigest: sha256:8ce13c365c8e9ced0aad5ef350a53c50b7ca5817f99d856b9eec895db1056728
      amd64ManifestDigest: sha256:44063cb072c85da7a0f33244b3054ab44b29a2b7416a319a90456bff21bebb18
      use: admission Webhook create/patch 两个 Helm hook Job
    - original: quay.io/thanos/thanos:v0.41.0
      haulerRef: 127.0.0.1:5000/thanos/thanos:v0.41.0
      sourceManifestDigest: null
      amd64ManifestDigest: null
      use: Operator --thanos-default-base-image 默认参数；本批不启用 Thanos，标记 unused_disabled_default
      disabled: true
      disabledReason: 本批关闭 ThanosRuler 与 Thanos 相关服务/sidecar，不为消掉字符串而部署 Thanos

  logsImages:
    - original: docker.io/grafana/loki:3.7.8
      haulerRef: 127.0.0.1:5000/grafana/loki:3.7.8
      sourceManifestDigest: sha256:1107dd5274e0ada47e42472b7a7e71f3b2a2fe878878108f3e2f9e51528f0193
      amd64ManifestDigest: sha256:81a6802ec4bd1b88c564494f06376889ed022998a188826190d26d2754ac2aae
      use: Loki 单体 StatefulSet
    - original: docker.io/opensearchproject/opensearch:3.8.0
      haulerRef: 127.0.0.1:5000/opensearchproject/opensearch:3.8.0
      sourceManifestDigest: sha256:fafe3fc3587088674669235575aa166228c48bdb940294a8cdbbc1da75236a40
      amd64ManifestDigest: sha256:68a688de28fb9bb66601552650b91a52a9fd5e7eac5481dd2b225ecb66fd09b0
      use: OpenSearch 单节点 StatefulSet；securityadmin.sh 初始化 Job 复用同版镜像
    - original: docker.io/library/busybox:1.37.0
      haulerRef: 127.0.0.1:5000/library/busybox:1.37.0
      sourceManifestDigest: sha256:9db7b59979c38555a39def84a31fb98b5296952f9e3afd4f6f11f05b07adfab0
      amd64ManifestDigest: sha256:7a3ebe5bfd1a4a19797d20b0c0bb39d44393e9a03fd852c0865b0f540d868df0
      use: OpenSearch PVC 初始化（替换 Chart 隐式 busybox:latest）
    - original: cr.fluentbit.io/fluent/fluent-bit:5.1.2
      haulerRef: 127.0.0.1:5000/fluent/fluent-bit:5.1.2
      sourceManifestDigest: sha256:d792375ca8e53be72fc25716c28f291f32c6fc6f4f31d12d0d14bc78cefe9226
      amd64ManifestDigest: sha256:71cda445290efc2d45d565c12e0de4b15aa0182510276ad50c317aae1423d7ee
      use: Fluent Bit DaemonSet（统一采集层，两个日志后端共用）

  batch2ExcludedImages:
    - original: docker.io/grafana/grafana:*
      reason: 本批不部署 Grafana
    - original: docker.io/library/memcached:*
      reason: chunksCache/resultsCache 显式关闭，避免 Chart 默认约 8GiB/1GiB 缓存声明
    - original: ghcr.io/jimmidyson/configmap-reload:*
      reason: Fluent Bit hotReload.enabled=false
  labToolImage:
    - original: docker.io/library/python:3.13.11-alpine3.23
      haulerRef: 127.0.0.1:5000/library/python:3.13.11-alpine3.23
      sourceManifestDigest: sha256:2f607129b1b915a949320bf0c4831a73d1c1b1be663c2b1d8c93aa35a5f44a95
      amd64ManifestDigest: sha256:0d8324e4e3453ec8586b886b95e8fc901689f936c413fdf6ae7d93a32a95956e
      use: lab 的 HTTP webhook 接收器 / API 查询客户端 / 日志发射器；只跑标准库脚本，不走 pip/apk
      scope: lab 与验收材料，不属于安装恢复逻辑，也不作为常驻生产服务

# ---------------------------------------------------------------------------
# 每批真实验证记录（安装未完成前保持 installation_not_verified）
# ---------------------------------------------------------------------------
verificationRecords: []

# B02 source pins verified on Fedora on 2026-09-27. Chart 5.0.25 declares
# appVersion 2.6.21; the fixed B02 selection overrides its service image to
# v2.6.24. This is material identity only, not deployment certification.
batchB02:
  status: source_pins_confirmed / artifact_not_built / live_not_run
  chart:
    name: milvus
    chartVersion: 5.0.25
    appVersion: 2.6.21
    source: https://github.com/zilliztech/milvus-helm/releases/download/milvus-5.0.25/milvus-5.0.25.tgz
    sha256: cdbe181e93ce3e4b0a384d93c5cbbcd95db495df8ab1742206fbc0af916f462a
    artifactChartPath: charts/milvus/5.0.25.tgz
    release: ani-milvus
    namespace: ani-platform
  images:
    - original: docker.io/milvusdb/milvus:v2.6.24
      haulerRef: 127.0.0.1:5000/milvusdb/milvus:v2.6.24
      sourceManifestDigest: sha256:c55810ca95c97437cc003f913b835524600fb95a14ce04955a92517c3ccab73f
      amd64ManifestDigest: sha256:692f183d6b6471f0835dab13d83923defcc7790b8fc31044e25a36af9193a62b
      use: B02 Standalone Milvus service
    - original: docker.io/milvusdb/etcd:3.5.25-r1
      haulerRef: 127.0.0.1:5000/milvusdb/etcd:3.5.25-r1
      sourceManifestDigest: sha256:fededb2f2d63c4d8bc64cbbaac6896d59370ed9ceed660c5ce789d67ce0dbf1c
      amd64ManifestDigest: sha256:3145506ab5eb3152effc2f6a32a8011216dc11f648584d63926905cd440b6c60
      use: B02 dedicated etcd chart subcomponent
    - original: docker.io/amazon/aws-cli:2.31.30
      haulerRef: 127.0.0.1:5000/amazon/aws-cli:2.31.30
      sourceManifestDigest: sha256:77c27e51823293d52691a13e87f6942a4b483e87de3f49d68c25dc271f3528b1
      amd64ManifestDigest: sha256:8985de534bb334a12972f2e51afcfa958703c297630d21a99a034c8cbc9e39ba
      use: B00/B02 authenticated S3 write-read Job
    - original: ani.local/milvus-checker:v1
      haulerRef: 127.0.0.1:5000/ani/milvus-checker:v1
      amd64ManifestDigest: sha256:0f197f3d0e30215238dd52bee6b8838b118a2c87fdf8173b8905929fb4de84d5
      injection:
        type: docker-archive
        archiveSha256: sha256:618448ca600dba64ae424e50aa5f1533ae3df731de824c9e5c41a312aac2643f
        evidence: docs/execution/evidence/B02-20260927/milvus-checker-image.md
      use: B02 PyMilvus and RGW functional checker built offline on Fedora

# B03 source is the official metrics-server-helm-chart-3.14.0 tag (commit
# 0716b65); the release asset/Pages endpoint was unavailable from Fedora, so
# Helm 3.20.0 packaged charts/metrics-server from that exact source archive.
# The source and the resulting artifact have separate measured digests.
batchB03:
  status: source_pins_confirmed / artifact_not_built / live_not_run
  chart:
    name: metrics-server
    chartVersion: 3.14.0
    appVersion: 0.9.0
    source: https://codeload.github.com/kubernetes-sigs/metrics-server/tar.gz/refs/tags/metrics-server-helm-chart-3.14.0
    sourceSha256: 14b0a456ef92b59bb24285b76f890744b289e83c1034f9b0665cc91b74a184b9
    packaging: helm v3.20.0 package charts/metrics-server from official tag
    sha256: 0207a15f304a4dcea3593377e26de703483211a67ac46a3cbe03dc2619046d6e
    artifactChartPath: charts/metrics-server/3.14.0.tgz
    release: ani-metrics-server
    namespace: kube-system
  images:
    - original: registry.k8s.io/metrics-server/metrics-server:v0.9.0
      haulerRef: 127.0.0.1:5000/metrics-server/metrics-server:v0.9.0
      sourceManifestDigest: sha256:d9862115e7c7881280d3d75ca26bda8ffc0fc213315979575bf23ce9826205c0
      amd64ManifestDigest: sha256:25d291fde59974547bac6f07fa9d6cf6f5bedd1f19d60c893311c5e741e0a42f
      use: B03 Metrics Server APIService and PodMetrics provider

# B04 fixed snapshot-controller/CRD materials. The v8.5.0 source tag still
# refers to controller image v8.4.0 in its example manifest. ANI explicitly
# selects the published v8.5.0 controller image to match the retained Rook
# csi-snapshotter v8.5.0 sidecar. Source file hashes are measured on Fedora;
# modified ANI templates are packaged in the KubeKey artifact, not fetched live.
batchB04:
  status: source_pins_confirmed / implementation_in_progress / live_not_run
  upstreamTag: https://github.com/kubernetes-csi/external-snapshotter/tree/v8.5.0
  sources:
    - path: client/config/crd/snapshot.storage.k8s.io_volumesnapshotclasses.yaml
      sha256: 75e6565aac2c0f2949ed13ea884bbaa388cb7be576b558b709cf1168e011828d
    - path: client/config/crd/snapshot.storage.k8s.io_volumesnapshotcontents.yaml
      sha256: 895a3c1e73b60f06a0deb566dd123d01bdf1b2efc5d5ff5231ff8bbcf42dafc7
    - path: client/config/crd/snapshot.storage.k8s.io_volumesnapshots.yaml
      sha256: b032116e987fb1d7d93cec7d942833adeb9d95c9bdc7e00c10b280c2fe4a6c33
    - path: deploy/kubernetes/snapshot-controller/rbac-snapshot-controller.yaml
      sha256: 99c4ac480b6c9563be0d85599e29cc7b68b25a82d250b0e789726727551e8d38
    - path: deploy/kubernetes/snapshot-controller/setup-snapshot-controller.yaml
      sha256: bab025e1fed9199c5d827f64febb572dd8b746928e48d656312a215bede74d92
    - path: rook/v1.20.7/deploy/examples/csi/rbd/snapshotclass.yaml
      sha256: 35e8cf7803cf4677581e225e81f8c1bf7362af5b2b26b4432182dccd9f39c9b4
    - path: rook/v1.20.7/deploy/examples/csi/cephfs/snapshotclass.yaml
      sha256: e5d3c1d0c2c75a1dfda98e16babfaebe9770c8c9031afcc62effb36c205c70e8
  images:
    - original: registry.k8s.io/sig-storage/snapshot-controller:v8.5.0
      haulerRef: 127.0.0.1:5000/sig-storage/snapshot-controller:v8.5.0
      sourceManifestDigest: sha256:74ca61ab13e978f03cf0f336a607281d15f04cda0a38a881306365473b28a3d8
      amd64ManifestDigest: sha256:c6ed5c488dc72a01e7d69caf4d6efe44cb5fecd08fac1a037626171bf90482d1
      use: B04 cluster-wide snapshot controller; two replicas, leader election

# B01a Multus is selected independently of the primary CNI. The upstream
# v4.3.1 quickstart manifest still uses snapshot-thick, so the ANI role pins
# the published versioned thick image and validates the existing delegate.
batchB01:
  status: source_pins_confirmed / implementation_in_progress / live_not_run
  upstreamTag: https://github.com/k8snetworkplumbingwg/multus-cni/tree/v4.3.1
  sources:
    - path: deployments/multus-daemonset-thick.yml
      sha256: 24fb29530b760d28126bba76bd91fac8fd74100b53d9fc65943c223e3a82be30
    - path: docs/thick-plugin.md
      sha256: a207f369e6cd89c2ced4c1017800d08bc94e0035b1a433a37540951fb3ae4588
  images:
    - original: ghcr.io/k8snetworkplumbingwg/multus-cni:v4.3.1-thick
      haulerRef: 127.0.0.1:5000/k8snetworkplumbingwg/multus-cni:v4.3.1-thick
      sourceManifestDigest: sha256:a357a79359b80ddd5f4699117946cacf3b54f5baecf7944535594863e875fc25
      amd64ManifestDigest: sha256:d3a3e029a27cd9c23aa904e8c881af5f2db01245419f8e1147f08238dd85f764
      use: B01 thick daemon plus host shim installer

# B06 uses the exact official Volcano 1.15.2 Chart. Its JobFlow subchart adds
# only two CRDs; the controller requires their informers even for CPU Queues.
# No JobFlow objects, controller, image or Trainer coupling are selected.
batchB06:
  status: source_pins_confirmed / implementation_in_progress / live_not_run
  chart:
    name: volcano
    chartVersion: 1.15.2
    appVersion: 1.15.2
    upstream: https://github.com/volcano-sh/helm-charts/releases/download/volcano-1.15.2/volcano-1.15.2.tgz
    source: https://github.com/volcano-sh/helm-charts/releases/download/volcano-1.15.2/volcano-1.15.2.tgz
    upstreamSha256: 84b13ab82dd73c95307131ac105566f1dcf96383eed14bf30c4a74b0020b3fdd
    packaging: unmodified official archive; bundled JobFlow subchart renders only its two controller-required CRDs
    packagedSha256: 84b13ab82dd73c95307131ac105566f1dcf96383eed14bf30c4a74b0020b3fdd
    sha256: 84b13ab82dd73c95307131ac105566f1dcf96383eed14bf30c4a74b0020b3fdd
    artifactChartPath: charts/volcano/1.15.2.tgz
    release: ani-volcano
    namespace: volcano-system
  images:
    - original: docker.io/volcanosh/vc-controller-manager:v1.15.2
      haulerRef: 127.0.0.1:5000/volcanosh/vc-controller-manager:v1.15.2
      sourceManifestDigest: sha256:6a6bc2560d51165b6f3d732f0e532a3c44eca2b0a39821ff242223a92f40d5f5
      amd64ManifestDigest: sha256:d12095f864b0d617cf9b0b7df8c14d662923b041b6b6e90755b28220398309ce
    - original: docker.io/volcanosh/vc-scheduler:v1.15.2
      haulerRef: 127.0.0.1:5000/volcanosh/vc-scheduler:v1.15.2
      sourceManifestDigest: sha256:afab36286a17a77c2f74695d0b50e8f969402f3f6806df4506aff9779813df5e
      amd64ManifestDigest: sha256:836554c1c3286742fb6fcc721f5d3515e0e3e304a30d9cb733635f555f5ef671
    - original: docker.io/volcanosh/vc-webhook-manager:v1.15.2
      haulerRef: 127.0.0.1:5000/volcanosh/vc-webhook-manager:v1.15.2
      sourceManifestDigest: sha256:2fff65aad011e0cb4cdb3709c7dca34b0ada29f45cc2b7d698173ed8e60d56eb
      amd64ManifestDigest: sha256:5b2e35b0e3872291bbeb902acbdde7c520c8d9102145333db911bb08cc47606c

# B05 source assets are fixed to official signed-tag release material. The
# generated role templates replace only offline image references and disable
# unselected virt-template deployment. No hardware/live claim follows from pins.
batchB05:
  status: source_pins_confirmed / role_in_progress / payload_not_landed / live_not_run
  kubevirtVersion: v1.9.0
  cdiVersion: v1.66.1
  sources:
    - {path: kubevirt-operator.yaml, sha256: f11307caafc3c23ffedf9887d8beb5a4419e2694da242fa68f63d1ec820de2e0}
    - {path: kubevirt-cr.yaml, sha256: 43106136dbce3312bdbfdeae612aacafc6c12da518d233f90645b4685d84a2af}
    - {path: cdi-operator.yaml, sha256: c7d92bd1b2ee1a3952a5990000437c08d58109f31c0bd48ab6188ec27a13e224}
    - {path: cdi-cr.yaml, sha256: a497f90de608c1df26f9ee4095289373f17132d74a2042ca03e00c17c964f8a7}
    - {path: feature-gates.json, sha256: ba7cbcce1bd5dd2b964f2c68f02838c5390d935ee1da5a462506fd3f900db468}
  virtctl:
    source: https://github.com/kubevirt/kubevirt/releases/download/v1.9.0/virtctl-v1.9.0-linux-amd64
    sha256: 40ede2ee37c98a1aeed71c9c219616a05247ce2be109e1edddf0477572e8b978
    assetId: "495538543"
  guest:
    source: https://download.cirros-cloud.net/0.6.3/cirros-0.6.3-x86_64-disk.img
    sha256: 7d6355852aeb6dbcd191bcda7cd74f1536cfe5cbf8a10495a7283a8396e4b75b
    publisherChecksums: https://download.cirros-cloud.net/0.6.3/SHA256SUMS
    artifactPath: guest/cirros-0.6.3-x86_64-disk.img
  images:
    - original: quay.io/kubevirt/virt-operator:v1.9.0
      haulerRef: 127.0.0.1:5000/kubevirt/virt-operator:v1.9.0
      sourceManifestDigest: sha256:d08b5b5ad1c0d694fad13279e44b44b6fad961aa7508acd53b87ce6ef468cbae
      amd64ManifestDigest: sha256:bac92f1ee2dca92e8d29e0868d3abafb95623970c799192e0ae09c5c7122b370
      use: B05 virt-operator
    - original: quay.io/kubevirt/virt-api:v1.9.0
      haulerRef: 127.0.0.1:5000/kubevirt/virt-api:v1.9.0
      sourceManifestDigest: sha256:42341b1d52699f4bb87f3996151bafe2e3fe065e9146cc64a15959ddf7bf2c69
      amd64ManifestDigest: sha256:9eaa0c1a913d701916d31fb2e7177d697e3ce24975225214f22ee6b391bbe9b3
      use: B05 virt-api
    - original: quay.io/kubevirt/virt-controller:v1.9.0
      haulerRef: 127.0.0.1:5000/kubevirt/virt-controller:v1.9.0
      sourceManifestDigest: sha256:7c6034ab39b97c0bb2b31bab2aaf576b616a3d6e59777002d63e2f2bf51e73c2
      amd64ManifestDigest: sha256:83ef2f9a4fa7769f76bda755b19d5e2142cab7c85aaa5a834f283eb44088c302
      use: B05 virt-controller
    - original: quay.io/kubevirt/virt-handler:v1.9.0
      haulerRef: 127.0.0.1:5000/kubevirt/virt-handler:v1.9.0
      sourceManifestDigest: sha256:df9f2069924a28ba76f47e7f4fbd9a0be3aa13cfa004a59e7a708bbff2a90424
      amd64ManifestDigest: sha256:e4a80ca9d9693d0d785b1928bd3edafe81a5d00771169723db57c4be2f8cfe06
      use: B05 virt-handler
    - original: quay.io/kubevirt/virt-launcher:v1.9.0
      haulerRef: 127.0.0.1:5000/kubevirt/virt-launcher:v1.9.0
      sourceManifestDigest: sha256:f23102ca00bf12f7962021adfdfdad63c873b01a03001a6d20d5813950254b9c
      amd64ManifestDigest: sha256:2a47dceaa6ed4176175f58f4f7d927064f55d935fdd56e3999ac4dbe7d3a8e6a
      use: B05 virt-launcher
    - original: quay.io/kubevirt/virt-exportproxy:v1.9.0
      haulerRef: 127.0.0.1:5000/kubevirt/virt-exportproxy:v1.9.0
      sourceManifestDigest: sha256:042443b8f58246623e440af59cd34c0627f843b6094c41794d16c98c8d0049ea
      amd64ManifestDigest: sha256:afd7933d0a8158bff9752b202722f110f4a1a88bcfb8e7340ccd406567a5cd64
      use: B05 virt-exportproxy
    - original: quay.io/kubevirt/virt-exportserver:v1.9.0
      haulerRef: 127.0.0.1:5000/kubevirt/virt-exportserver:v1.9.0
      sourceManifestDigest: sha256:bf805f79151d689431f3e461ad77355acd04b16fe5bde88b00be772ae1edd06c
      amd64ManifestDigest: sha256:cbd0cfc0a5d9b56df4477971ac80b96f40bd2c96219e65b193f7ef0b9e4a3386
      use: B05 virt-exportserver
    - original: quay.io/kubevirt/virt-synchronization-controller:v1.9.0
      haulerRef: 127.0.0.1:5000/kubevirt/virt-synchronization-controller:v1.9.0
      sourceManifestDigest: sha256:6163d1108317d2abc4fef3213b4a00acfc8e066625d22882671fcb032859e062
      amd64ManifestDigest: sha256:842c8b7d15f64b90331ed4e0eca5ba9101d2ba6fe5ba4ae1c9762c8186bab54b
      use: B05 virt-synchronization-controller
    - original: quay.io/kubevirt/pr-helper:v1.9.0
      haulerRef: 127.0.0.1:5000/kubevirt/pr-helper:v1.9.0
      sourceManifestDigest: sha256:4218ea0f78481d27f5876e88c080c867dc49e21761928dc0ee1603f281e6d9e7
      amd64ManifestDigest: sha256:b6294f0cd53beae81e6aa00249d785886e9202848aec294f005a27702b6cfaea
      use: B05 pr-helper
    - original: quay.io/kubevirt/sidecar-shim:v1.9.0
      haulerRef: 127.0.0.1:5000/kubevirt/sidecar-shim:v1.9.0
      sourceManifestDigest: sha256:8eb25c016c09366ea4b2bbd524dfbb4872184a9aea67cc34c60ff78a11cb2661
      amd64ManifestDigest: sha256:8b557fc5f5840ba55e18941c741a32c6b22c5f53863c27b137719337b669c682
      use: B05 sidecar-shim
    - original: quay.io/kubevirt/cdi-operator:v1.66.1
      haulerRef: 127.0.0.1:5000/kubevirt/cdi-operator:v1.66.1
      sourceManifestDigest: sha256:470b2997b87c152b2573cdb4a3feb2a7925f60602e16c052de94e8d765b97357
      amd64ManifestDigest: sha256:c9b02c6180e05495f525d9158a92048f18bac9dd47b7020b01e11cab1538af23
      use: B05 cdi-operator
    - original: quay.io/kubevirt/cdi-controller:v1.66.1
      haulerRef: 127.0.0.1:5000/kubevirt/cdi-controller:v1.66.1
      sourceManifestDigest: sha256:0cbf467d04febc5d63b7682524e87be7d775b488cb8b5963706d2ebc3465a72f
      amd64ManifestDigest: sha256:6e701b16cea88a6761df8ef83b56d369d28a9c6c6f1c472d222994debdb2744f
      use: B05 cdi-controller
    - original: quay.io/kubevirt/cdi-importer:v1.66.1
      haulerRef: 127.0.0.1:5000/kubevirt/cdi-importer:v1.66.1
      sourceManifestDigest: sha256:e22b63872cd04da43c62ad8ebb73cac46958b6e759fcc347752ec2ace1df75f4
      amd64ManifestDigest: sha256:28134acc24521d9bc8c9250fb29a9bfe0278b771139d32ea5b162d8f3af5ee05
      use: B05 cdi-importer
    - original: quay.io/kubevirt/cdi-cloner:v1.66.1
      haulerRef: 127.0.0.1:5000/kubevirt/cdi-cloner:v1.66.1
      sourceManifestDigest: sha256:febbe8b265bb6fcf7ab743b780069fbae4a0531119933026de59545ad1bfc7a3
      amd64ManifestDigest: sha256:7e825919b39450db45829b41f840132fbb76c9e5ac67601fcc8a7c0ae7332a7c
      use: B05 cdi-cloner
    - original: quay.io/kubevirt/cdi-apiserver:v1.66.1
      haulerRef: 127.0.0.1:5000/kubevirt/cdi-apiserver:v1.66.1
      sourceManifestDigest: sha256:98b71040e0e8de9397b57b4998641d4d3ea248fc300253b23085838990c4d241
      amd64ManifestDigest: sha256:8e086971c01ab28f56e2f9d890178c679af3dfd8b179a1f12e6cac936564a42c
      use: B05 cdi-apiserver
    - original: quay.io/kubevirt/cdi-uploadserver:v1.66.1
      haulerRef: 127.0.0.1:5000/kubevirt/cdi-uploadserver:v1.66.1
      sourceManifestDigest: sha256:d3a6b735efcc914a0c9679fa8f64ab3dda764f7997d53bcafa6e2944f123420a
      amd64ManifestDigest: sha256:3050dd110803123a3a9fa3d4b69ed61b2fdc6589ce9396b77db2ec2bdf63e1c5
      use: B05 cdi-uploadserver
    - original: quay.io/kubevirt/cdi-uploadproxy:v1.66.1
      haulerRef: 127.0.0.1:5000/kubevirt/cdi-uploadproxy:v1.66.1
      sourceManifestDigest: sha256:f2493c0b33140167135110561ff415b8344f33dd53e20b9c8fbdb288e43326c9
      amd64ManifestDigest: sha256:fb1fc948056b9c35a1bc53fb6a8ddae78c815d9c1df7b13b88e4fd9c8586b5d9
      use: B05 cdi-uploadproxy

# B07 official Harbor Chart 1.19.2 / app 2.15.2. The databases below are
# actual extracted OCI layers, not the moving tags or empty cache flags.
batchB07:
  status: material_bytes_confirmed / role_in_progress / formal_package_not_built / live_not_run
  chart:
    name: harbor
    chartVersion: 1.19.2
    appVersion: 2.15.2
    source: https://helm.goharbor.io/harbor-1.19.2.tgz
    sha256: 36d8eeb41b4df1aeff18c9af7709110a2fac2194b491d37957822b3359cd5e9a
    artifactChartPath: charts/harbor/1.19.2.tgz
    release: ani-harbor
    namespace: ani-harbor
  trivyDatabase:
    ociManifest: sha256:4567b9f40c2dc13ead24d5e314563033a890a06b21fd6cb526e7236bfd0f0a72
    ociLayer: sha256:81e96e2fa71a2e6a6520f02ab2b371bbf59fa06bdd64cf5ea07d3a4e653a9bf6
    updatedAt: 2026-09-27T13:06:25.102527619Z
    nextUpdate: 2026-09-28T13:06:25.102527368Z
    dbSha256: 4bf01c98f9af59d4ec9ab6c8f4f22740230830e8be9172970e74dcb8257cd53b
    metadataSha256: eec14e933a21b2dba78c45d2c0de61a6408e14cee008a07908079e4cd6c905d7
  trivyJavaDatabase:
    ociManifest: sha256:e5922bfd4ec2aafa93226148b28f8cce4df87557544ed1bbc80a5b24d218d123
    ociLayer: sha256:75d3ac93f17d38f845b20fdb181bed7e2645f6a67adddb3189ddca4f38920989
    updatedAt: 2026-09-27T01:08:08.997214067Z
    nextUpdate: 2026-09-30T01:08:08.997213636Z
    dbSha256: e99e2d1212f4f1ef8281f95ffa72b667ce3fb8d00db0c4b2ddfcc3283b87612c
    metadataSha256: f730c0616742e306095594ef51359f81cd05e48cff224112a59c8fbd68449e31
  images:
    - original: docker.io/goharbor/nginx-photon:v2.15.2
      haulerRef: 127.0.0.1:5000/goharbor/nginx-photon:v2.15.2
      sourceManifestDigest: sha256:0ccc1eca228ecea120d7ad9e4386b8e86ced200212f00060a9abc753dbe7f17f
      amd64ManifestDigest: sha256:0ccc1eca228ecea120d7ad9e4386b8e86ced200212f00060a9abc753dbe7f17f
      use: B07 Harbor nginx-photon
    - original: docker.io/goharbor/harbor-portal:v2.15.2
      haulerRef: 127.0.0.1:5000/goharbor/harbor-portal:v2.15.2
      sourceManifestDigest: sha256:b811b67f7a7f6f1614e4bdf7478b207d13e8aa3f815ff6ad84f216a5098d213d
      amd64ManifestDigest: sha256:b811b67f7a7f6f1614e4bdf7478b207d13e8aa3f815ff6ad84f216a5098d213d
      use: B07 Harbor harbor-portal
    - original: docker.io/goharbor/harbor-core:v2.15.2
      haulerRef: 127.0.0.1:5000/goharbor/harbor-core:v2.15.2
      sourceManifestDigest: sha256:d7b780d23721a000f0fb8e181add6675eafa336de5d033b77fd7da0c171ff7f7
      amd64ManifestDigest: sha256:d7b780d23721a000f0fb8e181add6675eafa336de5d033b77fd7da0c171ff7f7
      use: B07 Harbor harbor-core
    - original: docker.io/goharbor/harbor-jobservice:v2.15.2
      haulerRef: 127.0.0.1:5000/goharbor/harbor-jobservice:v2.15.2
      sourceManifestDigest: sha256:f71a4452a095bcd2a8f0683648a3ae28415432df87ccfb00ec7625f3e340a598
      amd64ManifestDigest: sha256:f71a4452a095bcd2a8f0683648a3ae28415432df87ccfb00ec7625f3e340a598
      use: B07 Harbor harbor-jobservice
    - original: docker.io/goharbor/registry-photon:v2.15.2
      haulerRef: 127.0.0.1:5000/goharbor/registry-photon:v2.15.2
      sourceManifestDigest: sha256:c4ebef61ceb50a3d8bc21d149bc280422db20a1e69df317b64b74098c3615855
      amd64ManifestDigest: sha256:c4ebef61ceb50a3d8bc21d149bc280422db20a1e69df317b64b74098c3615855
      use: B07 Harbor registry-photon
    - original: docker.io/goharbor/harbor-registryctl:v2.15.2
      haulerRef: 127.0.0.1:5000/goharbor/harbor-registryctl:v2.15.2
      sourceManifestDigest: sha256:223d5cb49d5dbf0ba4ae022e7dd9775fa459904112dc12084d3aaa36c1408362
      amd64ManifestDigest: sha256:223d5cb49d5dbf0ba4ae022e7dd9775fa459904112dc12084d3aaa36c1408362
      use: B07 Harbor harbor-registryctl
    - original: docker.io/goharbor/trivy-adapter-photon:v2.15.2
      haulerRef: 127.0.0.1:5000/goharbor/trivy-adapter-photon:v2.15.2
      sourceManifestDigest: sha256:215c07b71c37fc7fc16e02d9185d936dcb8884a80e810817c2cd058bbd7c4e98
      amd64ManifestDigest: sha256:215c07b71c37fc7fc16e02d9185d936dcb8884a80e810817c2cd058bbd7c4e98
      use: B07 Harbor trivy-adapter-photon
    - original: docker.io/goharbor/harbor-db:v2.15.2
      haulerRef: 127.0.0.1:5000/goharbor/harbor-db:v2.15.2
      sourceManifestDigest: sha256:5ebfb345b33d673fa8483ffc997013113b7d14ea56abfa65cfcb621b4acf3039
      amd64ManifestDigest: sha256:5ebfb345b33d673fa8483ffc997013113b7d14ea56abfa65cfcb621b4acf3039
      use: B07 Harbor harbor-db
    - original: docker.io/goharbor/valkey-photon:v2.15.2
      haulerRef: 127.0.0.1:5000/goharbor/valkey-photon:v2.15.2
      sourceManifestDigest: sha256:7337783e8148f01a25b113f5c7b1d640f78b1860fcaf80a33d0dbb294f7b99d0
      amd64ManifestDigest: sha256:7337783e8148f01a25b113f5c7b1d640f78b1860fcaf80a33d0dbb294f7b99d0
      use: B07 Harbor valkey-photon
